
Microsoft Visual Studio Solution File, Format Version 12.00
# Visual Studio 15
VisualStudioVersion = 15.0.28307.572
MinimumVisualStudioVersion = 10.0.40219.1
Project("{9A19103F-16F7-4668-BE54-9A1E7A4F7556}") = "CUSPIS", "CUSPIS\CUSPIS.csproj", "{8B957FBD-0A74-4034-A069-F71EB8605390}"
EndProject
Project("{FAE04EC0-301F-11D3-BF4B-00C04F79EFBC}") = "CUSPIS.Web", "CUSPIS.Web\CUSPIS.Web.csproj", "{4C70433D-3D82-4B8A-970D-512CC09FBB80}"
EndProject
Global
	GlobalSection(SolutionConfigurationPlatforms) = preSolution
		Debug|Any CPU = Debug|Any CPU
		Release|Any CPU = Release|Any CPU
	EndGlobalSection
	GlobalSection(ProjectConfigurationPlatforms) = postSolution
		{8B957FBD-0A74-4034-A069-F71EB8605390}.Debug|Any CPU.ActiveCfg = Debug|Any CPU
		{8B957FBD-0A74-4034-A069-F71EB8605390}.Debug|Any CPU.Build.0 = Debug|Any CPU
		{8B957FBD-0A74-4034-A069-F71EB8605390}.Release|Any CPU.ActiveCfg = Release|Any CPU
		{8B957FBD-0A74-4034-A069-F71EB8605390}.Release|Any CPU.Build.0 = Release|Any CPU
		{4C70433D-3D82-4B8A-970D-512CC09FBB80}.Debug|Any CPU.ActiveCfg = Debug|Any CPU
		{4C70433D-3D82-4B8A-970D-512CC09FBB80}.Debug|Any CPU.Build.0 = Debug|Any CPU
		{4C70433D-3D82-4B8A-970D-512CC09FBB80}.Release|Any CPU.ActiveCfg = Release|Any CPU
		{4C70433D-3D82-4B8A-970D-512CC09FBB80}.Release|Any CPU.Build.0 = Release|Any CPU
	EndGlobalSection
	GlobalSection(SolutionProperties) = preSolution
		HideSolutionNode = FALSE
	EndGlobalSection
	GlobalSection(ExtensibilityGlobals) = postSolution
		SolutionGuid = {90003F9E-72FD-4503-91A8-601BCCF58F5D}
	EndGlobalSection
EndGlobal
